
Microsoft Visual Studio Solution File, Format Version 12.00
# Visual Studio Version 16
VisualStudioVersion = 16.0.31410.357
MinimumVisualStudioVersion = 10.0.40219.1
Project("{FAE04EC0-301F-11D3-BF4B-00C04F79EFBC}") = "First", "First\First.csproj", "{81AD4212-262A-4D45-B992-DB1A99BEBA69}"
EndProject
Project("{FAE04EC0-301F-11D3-BF4B-00C04F79EFBC}") = "SecondBlock-interfaces", "SecondBlock-abstr classes, interfaces\SecondBlock-interfaces.csproj", "{EA189FCE-C3DE-4A12-B1AE-C8F4299F321E}"
EndProject
Project("{FAE04EC0-301F-11D3-BF4B-00C04F79EFBC}") = "SecondBlock_Abstract", "SecondBlock_Abstract\SecondBlock_Abstract.csproj", "{C3775D5D-87C8-467A-884A-D7CD07606C3D}"
EndProject
Global
	GlobalSection(SolutionConfigurationPlatforms) = preSolution
		Debug|Any CPU = Debug|Any CPU
		Release|Any CPU = Release|Any CPU
	EndGlobalSection
	GlobalSection(ProjectConfigurationPlatforms) = postSolution
		{81AD4212-262A-4D45-B992-DB1A99BEBA69}.Debug|Any CPU.ActiveCfg = Debug|Any CPU
		{81AD4212-262A-4D45-B992-DB1A99BEBA69}.Debug|Any CPU.Build.0 = Debug|Any CPU
		{81AD4212-262A-4D45-B992-DB1A99BEBA69}.Release|Any CPU.ActiveCfg = Release|Any CPU
		{81AD4212-262A-4D45-B992-DB1A99BEBA69}.Release|Any CPU.Build.0 = Release|Any CPU
		{EA189FCE-C3DE-4A12-B1AE-C8F4299F321E}.Debug|Any CPU.ActiveCfg = Debug|Any CPU
		{EA189FCE-C3DE-4A12-B1AE-C8F4299F321E}.Debug|Any CPU.Build.0 = Debug|Any CPU
		{EA189FCE-C3DE-4A12-B1AE-C8F4299F321E}.Release|Any CPU.ActiveCfg = Release|Any CPU
		{EA189FCE-C3DE-4A12-B1AE-C8F4299F321E}.Release|Any CPU.Build.0 = Release|Any CPU
		{C3775D5D-87C8-467A-884A-D7CD07606C3D}.Debug|Any CPU.ActiveCfg = Debug|Any CPU
		{C3775D5D-87C8-467A-884A-D7CD07606C3D}.Debug|Any CPU.Build.0 = Debug|Any CPU
		{C3775D5D-87C8-467A-884A-D7CD07606C3D}.Release|Any CPU.ActiveCfg = Release|Any CPU
		{C3775D5D-87C8-467A-884A-D7CD07606C3D}.Release|Any CPU.Build.0 = Release|Any CPU
	EndGlobalSection
	GlobalSection(SolutionProperties) = preSolution
		HideSolutionNode = FALSE
	EndGlobalSection
	GlobalSection(ExtensibilityGlobals) = postSolution
		SolutionGuid = {0DFD2869-4D36-4030-92D8-DAEDC44165CF}
	EndGlobalSection
EndGlobal
